// !$*UTF8*$!
{
	archiveVersion = 1;
	classes = {
	};
	objectVersion = 55;
	objects = {

/* Begin PBXBuildFile section */
		A656817437021B548132FC7B /* Pods_Bank_Test.framework in Frameworks */ = {isa = PBXBuildFile; fileRef = D249D6D2BFEBFFF24664E680 /* Pods_Bank_Test.framework */; };
		F98E3F03277F1FF3008D5B10 /* AppDelegate.swift in Sources */ = {isa = PBXBuildFile; fileRef = F98E3F02277F1FF3008D5B10 /* AppDelegate.swift */; };
		F98E3F05277F1FF3008D5B10 /* SceneDelegate.swift in Sources */ = {isa = PBXBuildFile; fileRef = F98E3F04277F1FF3008D5B10 /* SceneDelegate.swift */; };
		F98E3F07277F1FF3008D5B10 /* ArticlesViewController.swift in Sources */ = {isa = PBXBuildFile; fileRef = F98E3F06277F1FF3008D5B10 /* ArticlesViewController.swift */; };
		F98E3F0A277F1FF3008D5B10 /* Main.storyboard in Resources */ = {isa = PBXBuildFile; fileRef = F98E3F08277F1FF3008D5B10 /* Main.storyboard */; };
		F98E3F0C277F1FF6008D5B10 /* Assets.xcassets in Resources */ = {isa = PBXBuildFile; fileRef = F98E3F0B277F1FF6008D5B10 /* Assets.xcassets */; };
		F98E3F0F277F1FF6008D5B10 /* LaunchScreen.storyboard in Resources */ = {isa = PBXBuildFile; fileRef = F98E3F0D277F1FF6008D5B10 /* LaunchScreen.storyboard */; };
		F98E3F1A277F1FF6008D5B10 /* ArticlesViewModelTests.swift in Sources */ = {isa = PBXBuildFile; fileRef = F98E3F19277F1FF6008D5B10 /* ArticlesViewModelTests.swift */; };
		F98E3F3727807FC2008D5B10 /* ArticlesListViewModel.swift in Sources */ = {isa = PBXBuildFile; fileRef = F98E3F3627807FC2008D5B10 /* ArticlesListViewModel.swift */; };
		F98E3F3927808472008D5B10 /* Articles.swift in Sources */ = {isa = PBXBuildFile; fileRef = F98E3F3827808472008D5B10 /* Articles.swift */; };
		F98E3F3C27808C8A008D5B10 /* UIViewController+Extension.swift in Sources */ = {isa = PBXBuildFile; fileRef = F98E3F3B27808C8A008D5B10 /* UIViewController+Extension.swift */; };
		F98E3F3F27808DE8008D5B10 /* Constants.swift in Sources */ = {isa = PBXBuildFile; fileRef = F98E3F3E27808DE8008D5B10 /* Constants.swift */; };
		F98E3F4227808E78008D5B10 /* ArticlesTableViewCell.swift in Sources */ = {isa = PBXBuildFile; fileRef = F98E3F4027808E77008D5B10 /* ArticlesTableViewCell.swift */; };
		F98E3F4327808E78008D5B10 /* ArticlesTableViewCell.xib in Resources */ = {isa = PBXBuildFile; fileRef = F98E3F4127808E77008D5B10 /* ArticlesTableViewCell.xib */; };
		F98E3F47278091C4008D5B10 /* ArticlesService.swift in Sources */ = {isa = PBXBuildFile; fileRef = F98E3F46278091C4008D5B10 /* ArticlesService.swift */; };
		F98E3F4927809338008D5B10 /* NYTimesAPI.swift in Sources */ = {isa = PBXBuildFile; fileRef = F98E3F4827809338008D5B10 /* NYTimesAPI.swift */; };
		F98E3F4F2780A669008D5B10 /* UIImageView+Extension.swift in Sources */ = {isa = PBXBuildFile; fileRef = F98E3F4E2780A669008D5B10 /* UIImageView+Extension.swift */; };
		F98E3F512780A9C7008D5B10 /* ArticleCellViewModel.swift in Sources */ = {isa = PBXBuildFile; fileRef = F98E3F502780A9C7008D5B10 /* ArticleCellViewModel.swift */; };
		F98E3F562780B0A6008D5B10 /* ArticleDetailsViewController.swift in Sources */ = {isa = PBXBuildFile; fileRef = F98E3F552780B0A6008D5B10 /* ArticleDetailsViewController.swift */; };
		F98E3F5A2780B320008D5B10 /* ArticleDetailsViewModel.swift in Sources */ = {isa = PBXBuildFile; fileRef = F98E3F592780B320008D5B10 /* ArticleDetailsViewModel.swift */; };
		F98E3F5C2780B675008D5B10 /* StoryBoards.swift in Sources */ = {isa = PBXBuildFile; fileRef = F98E3F5B2780B675008D5B10 /* StoryBoards.swift */; };
		F98E3F5F2780BC64008D5B10 /* MockArticlesService.swift in Sources */ = {isa = PBXBuildFile; fileRef = F98E3F5E2780BC64008D5B10 /* MockArticlesService.swift */; };
/* End PBXBuildFile section */

/* Begin PBXContainerItemProxy section */
		F98E3F16277F1FF6008D5B10 /* PBXContainerItemProxy */ = {
			isa = PBXContainerItemProxy;
			containerPortal = F98E3EF7277F1FF3008D5B10 /* Project object */;
			proxyType = 1;
			remoteGlobalIDString = F98E3EFE277F1FF3008D5B10;
			remoteInfo = "Bank-Test";
		};
/* End PBXContainerItemProxy section */

/* Begin PBXFileReference section */
		A535F1220E7C3534D693741A /* Pods-Bank-Test.release.xcconfig */ = {isa = PBXFileReference; includeInIndex = 1; lastKnownFileType = text.xcconfig; name = "Pods-Bank-Test.release.xcconfig"; path = "Target Support Files/Pods-Bank-Test/Pods-Bank-Test.release.xcconfig"; sourceTree = "<group>"; };
		A936BAD95743F34DD621266A /* Pods-Bank-Test.debug.xcconfig */ = {isa = PBXFileReference; includeInIndex = 1; lastKnownFileType = text.xcconfig; name = "Pods-Bank-Test.debug.xcconfig"; path = "Target Support Files/Pods-Bank-Test/Pods-Bank-Test.debug.xcconfig"; sourceTree = "<group>"; };
		D249D6D2BFEBFFF24664E680 /* Pods_Bank_Test.framework */ = {isa = PBXFileReference; explicitFileType = wrapper.framework; includeInIndex = 0; path = Pods_Bank_Test.framework; sourceTree = BUILT_PRODUCTS_DIR; };
		F98E3EFF277F1FF3008D5B10 /* Bank-Test.app */ = {isa = PBXFileReference; explicitFileType = wrapper.application; includeInIndex = 0; path = "Bank-Test.app"; sourceTree = BUILT_PRODUCTS_DIR; };
		F98E3F02277F1FF3008D5B10 /* AppDelegate.swift */ = {isa = PBXFileReference; lastKnownFileType = sourcecode.swift; path = AppDelegate.swift; sourceTree = "<group>"; };
		F98E3F04277F1FF3008D5B10 /* SceneDelegate.swift */ = {isa = PBXFileReference; lastKnownFileType = sourcecode.swift; path = SceneDelegate.swift; sourceTree = "<group>"; };
		F98E3F06277F1FF3008D5B10 /* ArticlesViewController.swift */ = {isa = PBXFileReference; lastKnownFileType = sourcecode.swift; path = ArticlesViewController.swift; sourceTree = "<group>"; };
		F98E3F09277F1FF3008D5B10 /* Base */ = {isa = PBXFileReference; lastKnownFileType = file.storyboard; name = Base; path = Base.lproj/Main.storyboard; sourceTree = "<group>"; };
		F98E3F0B277F1FF6008D5B10 /* Assets.xcassets */ = {isa = PBXFileReference; lastKnownFileType = folder.assetcatalog; path = Assets.xcassets; sourceTree = "<group>"; };
		F98E3F0E277F1FF6008D5B10 /* Base */ = {isa = PBXFileReference; lastKnownFileType = file.storyboard; name = Base; path = Base.lproj/LaunchScreen.storyboard; sourceTree = "<group>"; };
		F98E3F10277F1FF6008D5B10 /* Info.plist */ = {isa = PBXFileReference; lastKnownFileType = text.plist.xml; path = Info.plist; sourceTree = "<group>"; };
		F98E3F15277F1FF6008D5B10 /* Bank-TestTests.xctest */ = {isa = PBXFileReference; explicitFileType = wrapper.cfbundle; includeInIndex = 0; path = "Bank-TestTests.xctest"; sourceTree = BUILT_PRODUCTS_DIR; };
		F98E3F19277F1FF6008D5B10 /* ArticlesViewModelTests.swift */ = {isa = PBXFileReference; lastKnownFileType = sourcecode.swift; path = ArticlesViewModelTests.swift; sourceTree = "<group>"; };
		F98E3F3627807FC2008D5B10 /* ArticlesListViewModel.swift */ = {isa = PBXFileReference; lastKnownFileType = sourcecode.swift; path = ArticlesListViewModel.swift; sourceTree = "<group>"; };
		F98E3F3827808472008D5B10 /* Articles.swift */ = {isa = PBXFileReference; lastKnownFileType = sourcecode.swift; path = Articles.swift; sourceTree = "<group>"; };
		F98E3F3B27808C8A008D5B10 /* UIViewController+Extension.swift */ = {isa = PBXFileReference; fileEncoding = 4; lastKnownFileType = sourcecode.swift; path = "UIViewController+Extension.swift"; sourceTree = "<group>"; };
		F98E3F3E27808DE8008D5B10 /* Constants.swift */ = {isa = PBXFileReference; lastKnownFileType = sourcecode.swift; path = Constants.swift; sourceTree = "<group>"; };
		F98E3F4027808E77008D5B10 /* ArticlesTableViewCell.swift */ = {isa = PBXFileReference; fileEncoding = 4; lastKnownFileType = sourcecode.swift; path = ArticlesTableViewCell.swift; sourceTree = "<group>"; };
		F98E3F4127808E77008D5B10 /* ArticlesTableViewCell.xib */ = {isa = PBXFileReference; fileEncoding = 4; lastKnownFileType = file.xib; path = ArticlesTableViewCell.xib; sourceTree = "<group>"; };
		F98E3F46278091C4008D5B10 /* ArticlesService.swift */ = {isa = PBXFileReference; lastKnownFileType = sourcecode.swift; path = ArticlesService.swift; sourceTree = "<group>"; };
		F98E3F4827809338008D5B10 /* NYTimesAPI.swift */ = {isa = PBXFileReference; lastKnownFileType = sourcecode.swift; path = NYTimesAPI.swift; sourceTree = "<group>"; };
		F98E3F4E2780A669008D5B10 /* UIImageView+Extension.swift */ = {isa = PBXFileReference; lastKnownFileType = sourcecode.swift; path = "UIImageView+Extension.swift"; sourceTree = "<group>"; };
		F98E3F502780A9C7008D5B10 /* ArticleCellViewModel.swift */ = {isa = PBXFileReference; lastKnownFileType = sourcecode.swift; path = ArticleCellViewModel.swift; sourceTree = "<group>"; };
		F98E3F552780B0A6008D5B10 /* ArticleDetailsViewController.swift */ = {isa = PBXFileReference; lastKnownFileType = sourcecode.swift; path = ArticleDetailsViewController.swift; sourceTree = "<group>"; };
		F98E3F592780B320008D5B10 /* ArticleDetailsViewModel.swift */ = {isa = PBXFileReference; lastKnownFileType = sourcecode.swift; path = ArticleDetailsViewModel.swift; sourceTree = "<group>"; };
		F98E3F5B2780B675008D5B10 /* StoryBoards.swift */ = {isa = PBXFileReference; lastKnownFileType = sourcecode.swift; path = StoryBoards.swift; sourceTree = "<group>"; };
		F98E3F5E2780BC64008D5B10 /* MockArticlesService.swift */ = {isa = PBXFileReference; lastKnownFileType = sourcecode.swift; path = MockArticlesService.swift; sourceTree = "<group>"; };
/* End PBXFileReference section */

/* Begin PBXFrameworksBuildPhase section */
		F98E3EFC277F1FF3008D5B10 /* Frameworks */ = {
			isa = PBXFrameworksBuildPhase;
			buildActionMask = 2147483647;
			files = (
				A656817437021B548132FC7B /* Pods_Bank_Test.framework in Frameworks */,
			);
			runOnlyForDeploymentPostprocessing = 0;
		};
		F98E3F12277F1FF6008D5B10 /* Frameworks */ = {
			isa = PBXFrameworksBuildPhase;
			buildActionMask = 2147483647;
			files = (
			);
			runOnlyForDeploymentPostprocessing = 0;
		};
/* End PBXFrameworksBuildPhase section */

/* Begin PBXGroup section */
		0F1411AAA54D7262E1CAD751 /* Frameworks */ = {
			isa = PBXGroup;
			children = (
				D249D6D2BFEBFFF24664E680 /* Pods_Bank_Test.framework */,
			);
			name = Frameworks;
			sourceTree = "<group>";
		};
		89D5D1D352AAE1593C781964 /* Pods */ = {
			isa = PBXGroup;
			children = (
				A936BAD95743F34DD621266A /* Pods-Bank-Test.debug.xcconfig */,
				A535F1220E7C3534D693741A /* Pods-Bank-Test.release.xcconfig */,
			);
			path = Pods;
			sourceTree = "<group>";
		};
		F98E3EF6277F1FF3008D5B10 = {
			isa = PBXGroup;
			children = (
				F98E3F01277F1FF3008D5B10 /* Bank-Test */,
				F98E3F18277F1FF6008D5B10 /* Bank-TestTests */,
				F98E3F00277F1FF3008D5B10 /* Products */,
				89D5D1D352AAE1593C781964 /* Pods */,
				0F1411AAA54D7262E1CAD751 /* Frameworks */,
			);
			sourceTree = "<group>";
		};
		F98E3F00277F1FF3008D5B10 /* Products */ = {
			isa = PBXGroup;
			children = (
				F98E3EFF277F1FF3008D5B10 /* Bank-Test.app */,
				F98E3F15277F1FF6008D5B10 /* Bank-TestTests.xctest */,
			);
			name = Products;
			sourceTree = "<group>";
		};
		F98E3F01277F1FF3008D5B10 /* Bank-Test */ = {
			isa = PBXGroup;
			children = (
				F98E3F02277F1FF3008D5B10 /* AppDelegate.swift */,
				F98E3F04277F1FF3008D5B10 /* SceneDelegate.swift */,
				F98E3F45278091B6008D5B10 /* Service */,
				F98E3F3D27808C8E008D5B10 /* Helper */,
				F98E3F4427808E7C008D5B10 /* Articles Cell */,
				F98E3F3327807F38008D5B10 /* Articles List */,
				F98E3F542780B084008D5B10 /* Article Details */,
				F98E3F08277F1FF3008D5B10 /* Main.storyboard */,
				F98E3F0B277F1FF6008D5B10 /* Assets.xcassets */,
				F98E3F0D277F1FF6008D5B10 /* LaunchScreen.storyboard */,
				F98E3F10277F1FF6008D5B10 /* Info.plist */,
			);
			path = "Bank-Test";
			sourceTree = "<group>";
		};
		F98E3F18277F1FF6008D5B10 /* Bank-TestTests */ = {
			isa = PBXGroup;
			children = (
				F98E3F5D2780BC54008D5B10 /* Mocks */,
				F98E3F19277F1FF6008D5B10 /* ArticlesViewModelTests.swift */,
			);
			path = "Bank-TestTests";
			sourceTree = "<group>";
		};
		F98E3F3327807F38008D5B10 /* Articles List */ = {
			isa = PBXGroup;
			children = (
				F98E3F3527807FB2008D5B10 /* View Model */,
				F98E3F3427807F41008D5B10 /* View */,
				F98E3F3A27808477008D5B10 /* Model */,
			);
			path = "Articles List";
			sourceTree = "<group>";
		};
		F98E3F3427807F41008D5B10 /* View */ = {
			isa = PBXGroup;
			children = (
				F98E3F06277F1FF3008D5B10 /* ArticlesViewController.swift */,
			);
			path = View;
			sourceTree = "<group>";
		};
		F98E3F3527807FB2008D5B10 /* View Model */ = {
			isa = PBXGroup;
			children = (
				F98E3F3627807FC2008D5B10 /* ArticlesListViewModel.swift */,
			);
			path = "View Model";
			sourceTree = "<group>";
		};
		F98E3F3A27808477008D5B10 /* Model */ = {
			isa = PBXGroup;
			children = (
				F98E3F3827808472008D5B10 /* Articles.swift */,
			);
			path = Model;
			sourceTree = "<group>";
		};
		F98E3F3D27808C8E008D5B10 /* Helper */ = {
			isa = PBXGroup;
			children = (
				F98E3F3B27808C8A008D5B10 /* UIViewController+Extension.swift */,
				F98E3F3E27808DE8008D5B10 /* Constants.swift */,
				F98E3F4E2780A669008D5B10 /* UIImageView+Extension.swift */,
				F98E3F5B2780B675008D5B10 /* StoryBoards.swift */,
			);
			path = Helper;
			sourceTree = "<group>";
		};
		F98E3F4427808E7C008D5B10 /* Articles Cell */ = {
			isa = PBXGroup;
			children = (
				F98E3F532780AA0A008D5B10 /* View Model */,
				F98E3F522780AA05008D5B10 /* View */,
			);
			path = "Articles Cell";
			sourceTree = "<group>";
		};
		F98E3F45278091B6008D5B10 /* Service */ = {
			isa = PBXGroup;
			children = (
				F98E3F46278091C4008D5B10 /* ArticlesService.swift */,
				F98E3F4827809338008D5B10 /* NYTimesAPI.swift */,
			);
			path = Service;
			sourceTree = "<group>";
		};
		F98E3F522780AA05008D5B10 /* View */ = {
			isa = PBXGroup;
			children = (
				F98E3F4027808E77008D5B10 /* ArticlesTableViewCell.swift */,
				F98E3F4127808E77008D5B10 /* ArticlesTableViewCell.xib */,
			);
			path = View;
			sourceTree = "<group>";
		};
		F98E3F532780AA0A008D5B10 /* View Model */ = {
			isa = PBXGroup;
			children = (
				F98E3F502780A9C7008D5B10 /* ArticleCellViewModel.swift */,
			);
			path = "View Model";
			sourceTree = "<group>";
		};
		F98E3F542780B084008D5B10 /* Article Details */ = {
			isa = PBXGroup;
			children = (
				F98E3F582780B312008D5B10 /* View Model */,
				F98E3F572780B30F008D5B10 /* View */,
			);
			path = "Article Details";
			sourceTree = "<group>";
		};
		F98E3F572780B30F008D5B10 /* View */ = {
			isa = PBXGroup;
			children = (
				F98E3F552780B0A6008D5B10 /* ArticleDetailsViewController.swift */,
			);
			path = View;
			sourceTree = "<group>";
		};
		F98E3F582780B312008D5B10 /* View Model */ = {
			isa = PBXGroup;
			children = (
				F98E3F592780B320008D5B10 /* ArticleDetailsViewModel.swift */,
			);
			path = "View Model";
			sourceTree = "<group>";
		};
		F98E3F5D2780BC54008D5B10 /* Mocks */ = {
			isa = PBXGroup;
			children = (
				F98E3F5E2780BC64008D5B10 /* MockArticlesService.swift */,
			);
			path = Mocks;
			sourceTree = "<group>";
		};
/* End PBXGroup section */

/* Begin PBXNativeTarget section */
		F98E3EFE277F1FF3008D5B10 /* Bank-Test */ = {
			isa = PBXNativeTarget;
			buildConfigurationList = F98E3F29277F1FF6008D5B10 /* Build configuration list for PBXNativeTarget "Bank-Test" */;
			buildPhases = (
				B74004A44027F2BF51C27BE5 /* [CP] Check Pods Manifest.lock */,
				F98E3EFB277F1FF3008D5B10 /* Sources */,
				F98E3EFC277F1FF3008D5B10 /* Frameworks */,
				F98E3EFD277F1FF3008D5B10 /* Resources */,
				10292DD7FD366D929D0BF190 /* [CP] Embed Pods Frameworks */,
			);
			buildRules = (
			);
			dependencies = (
			);
			name = "Bank-Test";
			productName = "Bank-Test";
			productReference = F98E3EFF277F1FF3008D5B10 /* Bank-Test.app */;
			productType = "com.apple.product-type.application";
		};
		F98E3F14277F1FF6008D5B10 /* Bank-TestTests */ = {
			isa = PBXNativeTarget;
			buildConfigurationList = F98E3F2C277F1FF6008D5B10 /* Build configuration list for PBXNativeTarget "Bank-TestTests" */;
			buildPhases = (
				F98E3F11277F1FF6008D5B10 /* Sources */,
				F98E3F12277F1FF6008D5B10 /* Frameworks */,
				F98E3F13277F1FF6008D5B10 /* Resources */,
			);
			buildRules = (
			);
			dependencies = (
				F98E3F17277F1FF6008D5B10 /* PBXTargetDependency */,
			);
			name = "Bank-TestTests";
			productName = "Bank-TestTests";
			productReference = F98E3F15277F1FF6008D5B10 /* Bank-TestTests.xctest */;
			productType = "com.apple.product-type.bundle.unit-test";
		};
/* End PBXNativeTarget section */

/* Begin PBXProject section */
		F98E3EF7277F1FF3008D5B10 /* Project object */ = {
			isa = PBXProject;
			attributes = {
				BuildIndependentTargetsInParallel = 1;
				LastSwiftUpdateCheck = 1300;
				LastUpgradeCheck = 1300;
				TargetAttributes = {
					F98E3EFE277F1FF3008D5B10 = {
						CreatedOnToolsVersion = 13.0;
					};
					F98E3F14277F1FF6008D5B10 = {
						CreatedOnToolsVersion = 13.0;
						TestTargetID = F98E3EFE277F1FF3008D5B10;
					};
				};
			};
			buildConfigurationList = F98E3EFA277F1FF3008D5B10 /* Build configuration list for PBXProject "Bank-Test" */;
			compatibilityVersion = "Xcode 13.0";
			developmentRegion = en;
			hasScannedForEncodings = 0;
			knownRegions = (
				en,
				Base,
			);
			mainGroup = F98E3EF6277F1FF3008D5B10;
			productRefGroup = F98E3F00277F1FF3008D5B10 /* Products */;
			projectDirPath = "";
			projectRoot = "";
			targets = (
				F98E3EFE277F1FF3008D5B10 /* Bank-Test */,
				F98E3F14277F1FF6008D5B10 /* Bank-TestTests */,
			);
		};
/* End PBXProject section */

/* Begin PBXResourcesBuildPhase section */
		F98E3EFD277F1FF3008D5B10 /* Resources */ = {
			isa = PBXResourcesBuildPhase;
			buildActionMask = 2147483647;
			files = (
				F98E3F0F277F1FF6008D5B10 /* LaunchScreen.storyboard in Resources */,
				F98E3F4327808E78008D5B10 /* ArticlesTableViewCell.xib in Resources */,
				F98E3F0C277F1FF6008D5B10 /* Assets.xcassets in Resources */,
				F98E3F0A277F1FF3008D5B10 /* Main.storyboard in Resources */,
			);
			runOnlyForDeploymentPostprocessing = 0;
		};
		F98E3F13277F1FF6008D5B10 /* Resources */ = {
			isa = PBXResourcesBuildPhase;
			buildActionMask = 2147483647;
			files = (
			);
			runOnlyForDeploymentPostprocessing = 0;
		};
/* End PBXResourcesBuildPhase section */

/* Begin PBXShellScriptBuildPhase section */
		10292DD7FD366D929D0BF190 /* [CP] Embed Pods Frameworks */ = {
			isa = PBXShellScriptBuildPhase;
			buildActionMask = 2147483647;
			files = (
			);
			inputFileListPaths = (
				"${PODS_ROOT}/Target Support Files/Pods-Bank-Test/Pods-Bank-Test-frameworks-${CONFIGURATION}-input-files.xcfilelist",
			);
			name = "[CP] Embed Pods Frameworks";
			outputFileListPaths = (
				"${PODS_ROOT}/Target Support Files/Pods-Bank-Test/Pods-Bank-Test-frameworks-${CONFIGURATION}-output-files.xcfilelist",
			);
			runOnlyForDeploymentPostprocessing = 0;
			shellPath = /bin/sh;
			shellScript = "\"${PODS_ROOT}/Target Support Files/Pods-Bank-Test/Pods-Bank-Test-frameworks.sh\"\n";
			showEnvVarsInLog = 0;
		};
		B74004A44027F2BF51C27BE5 /* [CP] Check Pods Manifest.lock */ = {
			isa = PBXShellScriptBuildPhase;
			buildActionMask = 2147483647;
			files = (
			);
			inputFileListPaths = (
			);
			inputPaths = (
				"${PODS_PODFILE_DIR_PATH}/Podfile.lock",
				"${PODS_ROOT}/Manifest.lock",
			);
			name = "[CP] Check Pods Manifest.lock";
			outputFileListPaths = (
			);
			outputPaths = (
				"$(DERIVED_FILE_DIR)/Pods-Bank-Test-checkManifestLockResult.txt",
			);
			runOnlyForDeploymentPostprocessing = 0;
			shellPath = /bin/sh;
			shellScript = "diff \"${PODS_PODFILE_DIR_PATH}/Podfile.lock\" \"${PODS_ROOT}/Manifest.lock\" > /dev/null\nif [ $? != 0 ] ; then\n    # print error to STDERR\n    echo \"error: The sandbox is not in sync with the Podfile.lock. Run 'pod install' or update your CocoaPods installation.\" >&2\n    exit 1\nfi\n# This output is used by Xcode 'outputs' to avoid re-running this script phase.\necho \"SUCCESS\" > \"${SCRIPT_OUTPUT_FILE_0}\"\n";
			showEnvVarsInLog = 0;
		};
/* End PBXShellScriptBuildPhase section */

/* Begin PBXSourcesBuildPhase section */
		F98E3EFB277F1FF3008D5B10 /* Sources */ = {
			isa = PBXSourcesBuildPhase;
			buildActionMask = 2147483647;
			files = (
				F98E3F5A2780B320008D5B10 /* ArticleDetailsViewModel.swift in Sources */,
				F98E3F47278091C4008D5B10 /* ArticlesService.swift in Sources */,
				F98E3F3C27808C8A008D5B10 /* UIViewController+Extension.swift in Sources */,
				F98E3F5C2780B675008D5B10 /* StoryBoards.swift in Sources */,
				F98E3F4227808E78008D5B10 /* ArticlesTableViewCell.swift in Sources */,
				F98E3F562780B0A6008D5B10 /* ArticleDetailsViewController.swift in Sources */,
				F98E3F4927809338008D5B10 /* NYTimesAPI.swift in Sources */,
				F98E3F07277F1FF3008D5B10 /* ArticlesViewController.swift in Sources */,
				F98E3F03277F1FF3008D5B10 /* AppDelegate.swift in Sources */,
				F98E3F05277F1FF3008D5B10 /* SceneDelegate.swift in Sources */,
				F98E3F4F2780A669008D5B10 /* UIImageView+Extension.swift in Sources */,
				F98E3F3F27808DE8008D5B10 /* Constants.swift in Sources */,
				F98E3F512780A9C7008D5B10 /* ArticleCellViewModel.swift in Sources */,
				F98E3F3727807FC2008D5B10 /* ArticlesListViewModel.swift in Sources */,
				F98E3F3927808472008D5B10 /* Articles.swift in Sources */,
			);
			runOnlyForDeploymentPostprocessing = 0;
		};
		F98E3F11277F1FF6008D5B10 /* Sources */ = {
			isa = PBXSourcesBuildPhase;
			buildActionMask = 2147483647;
			files = (
				F98E3F5F2780BC64008D5B10 /* MockArticlesService.swift in Sources */,
				F98E3F1A277F1FF6008D5B10 /* ArticlesViewModelTests.swift in Sources */,
			);
			runOnlyForDeploymentPostprocessing = 0;
		};
/* End PBXSourcesBuildPhase section */

/* Begin PBXTargetDependency section */
		F98E3F17277F1FF6008D5B10 /* PBXTargetDependency */ = {
			isa = PBXTargetDependency;
			target = F98E3EFE277F1FF3008D5B10 /* Bank-Test */;
			targetProxy = F98E3F16277F1FF6008D5B10 /* PBXContainerItemProxy */;
		};
/* End PBXTargetDependency section */

/* Begin PBXVariantGroup section */
		F98E3F08277F1FF3008D5B10 /* Main.storyboard */ = {
			isa = PBXVariantGroup;
			children = (
				F98E3F09277F1FF3008D5B10 /* Base */,
			);
			name = Main.storyboard;
			sourceTree = "<group>";
		};
		F98E3F0D277F1FF6008D5B10 /* LaunchScreen.storyboard */ = {
			isa = PBXVariantGroup;
			children = (
				F98E3F0E277F1FF6008D5B10 /* Base */,
			);
			name = LaunchScreen.storyboard;
			sourceTree = "<group>";
		};
/* End PBXVariantGroup section */

/* Begin XCBuildConfiguration section */
		F98E3F27277F1FF6008D5B10 /* Debug */ = {
			isa = XCBuildConfiguration;
			buildSettings = {
				ALWAYS_SEARCH_USER_PATHS = NO;
				CLANG_ANALYZER_NONNULL = YES;
				CLANG_ANALYZER_NUMBER_OBJECT_CONVERSION = YES_AGGRESSIVE;
				CLANG_CXX_LANGUAGE_STANDARD = "gnu++17";
				CLANG_CXX_LIBRARY = "libc++";
				CLANG_ENABLE_MODULES = YES;
				CLANG_ENABLE_OBJC_ARC = YES;
				CLANG_ENABLE_OBJC_WEAK = YES;
				CLANG_WARN_BLOCK_CAPTURE_AUTORELEASING = YES;
				CLANG_WARN_BOOL_CONVERSION = YES;
				CLANG_WARN_COMMA = YES;
				CLANG_WARN_CONSTANT_CONVERSION = YES;
				CLANG_WARN_DEPRECATED_OBJC_IMPLEMENTATIONS = YES;
				CLANG_WARN_DIRECT_OBJC_ISA_USAGE = YES_ERROR;
				CLANG_WARN_DOCUMENTATION_COMMENTS = YES;
				CLANG_WARN_EMPTY_BODY = YES;
				CLANG_WARN_ENUM_CONVERSION = YES;
				CLANG_WARN_INFINITE_RECURSION = YES;
				CLANG_WARN_INT_CONVERSION = YES;
				CLANG_WARN_NON_LITERAL_NULL_CONVERSION = YES;
				CLANG_WARN_OBJC_IMPLICIT_RETAIN_SELF = YES;
				CLANG_WARN_OBJC_LITERAL_CONVERSION = YES;
				CLANG_WARN_OBJC_ROOT_CLASS = YES_ERROR;
				CLANG_WARN_QUOTED_INCLUDE_IN_FRAMEWORK_HEADER = YES;
				CLANG_WARN_RANGE_LOOP_ANALYSIS = YES;
				CLANG_WARN_STRICT_PROTOTYPES = YES;
				CLANG_WARN_SUSPICIOUS_MOVE = YES;
				CLANG_WARN_UNGUARDED_AVAILABILITY = YES_AGGRESSIVE;
				CLANG_WARN_UNREACHABLE_CODE = YES;
				CLANG_WARN__DUPLICATE_METHOD_MATCH = YES;
				COPY_PHASE_STRIP = NO;
				DEBUG_INFORMATION_FORMAT = dwarf;
				ENABLE_STRICT_OBJC_MSGSEND = YES;
				ENABLE_TESTABILITY = YES;
				GCC_C_LANGUAGE_STANDARD = gnu11;
				GCC_DYNAMIC_NO_PIC = NO;
				GCC_NO_COMMON_BLOCKS = YES;
				GCC_OPTIMIZATION_LEVEL = 0;
				GCC_PREPROCESSOR_DEFINITIONS = (
					"DEBUG=1",
					"$(inherited)",
				);
				GCC_WARN_64_TO_32_BIT_CONVERSION = YES;
				GCC_WARN_ABOUT_RETURN_TYPE = YES_ERROR;
				GCC_WARN_UNDECLARED_SELECTOR = YES;
				GCC_WARN_UNINITIALIZED_AUTOS = YES_AGGRESSIVE;
				GCC_WARN_UNUSED_FUNCTION = YES;
				GCC_WARN_UNUSED_VARIABLE = YES;
				IPHONEOS_DEPLOYMENT_TARGET = 15.0;
				MTL_ENABLE_DEBUG_INFO = INCLUDE_SOURCE;
				MTL_FAST_MATH = YES;
				ONLY_ACTIVE_ARCH = YES;
				SDKROOT = iphoneos;
				SWIFT_ACTIVE_COMPILATION_CONDITIONS = DEBUG;
				SWIFT_OPTIMIZATION_LEVEL = "-Onone";
			};
			name = Debug;
		};
		F98E3F28277F1FF6008D5B10 /* Release */ = {
			isa = XCBuildConfiguration;
			buildSettings = {
				ALWAYS_SEARCH_USER_PATHS = NO;
				CLANG_ANALYZER_NONNULL = YES;
				CLANG_ANALYZER_NUMBER_OBJECT_CONVERSION = YES_AGGRESSIVE;
				CLANG_CXX_LANGUAGE_STANDARD = "gnu++17";
				CLANG_CXX_LIBRARY = "libc++";
				CLANG_ENABLE_MODULES = YES;
				CLANG_ENABLE_OBJC_ARC = YES;
				CLANG_ENABLE_OBJC_WEAK = YES;
				CLANG_WARN_BLOCK_CAPTURE_AUTORELEASING = YES;
				CLANG_WARN_BOOL_CONVERSION = YES;
				CLANG_WARN_COMMA = YES;
				CLANG_WARN_CONSTANT_CONVERSION = YES;
				CLANG_WARN_DEPRECATED_OBJC_IMPLEMENTATIONS = YES;
				CLANG_WARN_DIRECT_OBJC_ISA_USAGE = YES_ERROR;
				CLANG_WARN_DOCUMENTATION_COMMENTS = YES;
				CLANG_WARN_EMPTY_BODY = YES;
				CLANG_WARN_ENUM_CONVERSION = YES;
				CLANG_WARN_INFINITE_RECURSION = YES;
				CLANG_WARN_INT_CONVERSION = YES;
				CLANG_WARN_NON_LITERAL_NULL_CONVERSION = YES;
				CLANG_WARN_OBJC_IMPLICIT_RETAIN_SELF = YES;
				CLANG_WARN_OBJC_LITERAL_CONVERSION = YES;
				CLANG_WARN_OBJC_ROOT_CLASS = YES_ERROR;
				CLANG_WARN_QUOTED_INCLUDE_IN_FRAMEWORK_HEADER = YES;
				CLANG_WARN_RANGE_LOOP_ANALYSIS = YES;
				CLANG_WARN_STRICT_PROTOTYPES = YES;
				CLANG_WARN_SUSPICIOUS_MOVE = YES;
				CLANG_WARN_UNGUARDED_AVAILABILITY = YES_AGGRESSIVE;
				CLANG_WARN_UNREACHABLE_CODE = YES;
				CLANG_WARN__DUPLICATE_METHOD_MATCH = YES;
				COPY_PHASE_STRIP = NO;
				DEBUG_INFORMATION_FORMAT = "dwarf-with-dsym";
				ENABLE_NS_ASSERTIONS = NO;
				ENABLE_STRICT_OBJC_MSGSEND = YES;
				GCC_C_LANGUAGE_STANDARD = gnu11;
				GCC_NO_COMMON_BLOCKS = YES;
				GCC_WARN_64_TO_32_BIT_CONVERSION = YES;
				GCC_WARN_ABOUT_RETURN_TYPE = YES_ERROR;
				GCC_WARN_UNDECLARED_SELECTOR = YES;
				GCC_WARN_UNINITIALIZED_AUTOS = YES_AGGRESSIVE;
				GCC_WARN_UNUSED_FUNCTION = YES;
				GCC_WARN_UNUSED_VARIABLE = YES;
				IPHONEOS_DEPLOYMENT_TARGET = 15.0;
				MTL_ENABLE_DEBUG_INFO = NO;
				MTL_FAST_MATH = YES;
				SDKROOT = iphoneos;
				SWIFT_COMPILATION_MODE = wholemodule;
				SWIFT_OPTIMIZATION_LEVEL = "-O";
				VALIDATE_PRODUCT = YES;
			};
			name = Release;
		};
		F98E3F2A277F1FF6008D5B10 /* Debug */ = {
			isa = XCBuildConfiguration;
			baseConfigurationReference = A936BAD95743F34DD621266A /* Pods-Bank-Test.debug.xcconfig */;
			buildSettings = {
				ASSETCATALOG_COMPILER_APPICON_NAME = AppIcon;
				ASSETCATALOG_COMPILER_GLOBAL_ACCENT_COLOR_NAME = AccentColor;
				CODE_SIGN_STYLE = Automatic;
				CURRENT_PROJECT_VERSION = 1;
				DEVELOPMENT_TEAM = D72DRUW999;
				GENERATE_INFOPLIST_FILE = YES;
				INFOPLIST_FILE = "Bank-Test/Info.plist";
				INFOPLIST_KEY_UIApplicationSupportsIndirectInputEvents = YES;
				INFOPLIST_KEY_UILaunchStoryboardName = LaunchScreen;
				INFOPLIST_KEY_UIMainStoryboardFile = Main;
				INFOPLIST_KEY_UISupportedInterfaceOrientations_iPad = "UIInterfaceOrientationPortrait UIInterfaceOrientationPortraitUpsideDown UIInterfaceOrientationLandscapeLeft UIInterfaceOrientationLandscapeRight";
				INFOPLIST_KEY_UISupportedInterfaceOrientations_iPhone = "UIInterfaceOrientationPortrait UIInterfaceOrientationLandscapeLeft UIInterfaceOrientationLandscapeRight";
				LD_RUNPATH_SEARCH_PATHS = (
					"$(inherited)",
					"@executable_path/Frameworks",
				);
				MARKETING_VERSION = 1.0;
				PRODUCT_BUNDLE_IDENTIFIER = "com.allam.Bank-Test";
				PRODUCT_NAME = "$(TARGET_NAME)";
				SWIFT_EMIT_LOC_STRINGS = YES;
				SWIFT_VERSION = 5.0;
				TARGETED_DEVICE_FAMILY = "1,2";
			};
			name = Debug;
		};
		F98E3F2B277F1FF6008D5B10 /* Release */ = {
			isa = XCBuildConfiguration;
			baseConfigurationReference = A535F1220E7C3534D693741A /* Pods-Bank-Test.release.xcconfig */;
			buildSettings = {
				ASSETCATALOG_COMPILER_APPICON_NAME = AppIcon;
				ASSETCATALOG_COMPILER_GLOBAL_ACCENT_COLOR_NAME = AccentColor;
				CODE_SIGN_STYLE = Automatic;
				CURRENT_PROJECT_VERSION = 1;
				DEVELOPMENT_TEAM = D72DRUW999;
				GENERATE_INFOPLIST_FILE = YES;
				INFOPLIST_FILE = "Bank-Test/Info.plist";
				INFOPLIST_KEY_UIApplicationSupportsIndirectInputEvents = YES;
				INFOPLIST_KEY_UILaunchStoryboardName = LaunchScreen;
				INFOPLIST_KEY_UIMainStoryboardFile = Main;
				INFOPLIST_KEY_UISupportedInterfaceOrientations_iPad = "UIInterfaceOrientationPortrait UIInterfaceOrientationPortraitUpsideDown UIInterfaceOrientationLandscapeLeft UIInterfaceOrientationLandscapeRight";
				INFOPLIST_KEY_UISupportedInterfaceOrientations_iPhone = "UIInterfaceOrientationPortrait UIInterfaceOrientationLandscapeLeft UIInterfaceOrientationLandscapeRight";
				LD_RUNPATH_SEARCH_PATHS = (
					"$(inherited)",
					"@executable_path/Frameworks",
				);
				MARKETING_VERSION = 1.0;
				PRODUCT_BUNDLE_IDENTIFIER = "com.allam.Bank-Test";
				PRODUCT_NAME = "$(TARGET_NAME)";
				SWIFT_EMIT_LOC_STRINGS = YES;
				SWIFT_VERSION = 5.0;
				TARGETED_DEVICE_FAMILY = "1,2";
			};
			name = Release;
		};
		F98E3F2D277F1FF6008D5B10 /* Debug */ = {
			isa = XCBuildConfiguration;
			buildSettings = {
				ALWAYS_EMBED_SWIFT_STANDARD_LIBRARIES = YES;
				BUNDLE_LOADER = "$(TEST_HOST)";
				CODE_SIGN_STYLE = Automatic;
				CURRENT_PROJECT_VERSION = 1;
				DEVELOPMENT_TEAM = D72DRUW999;
				GENERATE_INFOPLIST_FILE = YES;
				IPHONEOS_DEPLOYMENT_TARGET = 15.0;
				LD_RUNPATH_SEARCH_PATHS = (
					"$(inherited)",
					"@executable_path/Frameworks",
					"@loader_path/Frameworks",
				);
				MARKETING_VERSION = 1.0;
				PRODUCT_BUNDLE_IDENTIFIER = "com.allam.Bank-TestTests";
				PRODUCT_NAME = "$(TARGET_NAME)";
				SWIFT_EMIT_LOC_STRINGS = NO;
				SWIFT_VERSION = 5.0;
				TARGETED_DEVICE_FAMILY = "1,2";
				TEST_HOST = "$(BUILT_PRODUCTS_DIR)/Bank-Test.app/Bank-Test";
			};
			name = Debug;
		};
		F98E3F2E277F1FF6008D5B10 /* Release */ = {
			isa = XCBuildConfiguration;
			buildSettings = {
				ALWAYS_EMBED_SWIFT_STANDARD_LIBRARIES = YES;
				BUNDLE_LOADER = "$(TEST_HOST)";
				CODE_SIGN_STYLE = Automatic;
				CURRENT_PROJECT_VERSION = 1;
				DEVELOPMENT_TEAM = D72DRUW999;
				GENERATE_INFOPLIST_FILE = YES;
				IPHONEOS_DEPLOYMENT_TARGET = 15.0;
				LD_RUNPATH_SEARCH_PATHS = (
					"$(inherited)",
					"@executable_path/Frameworks",
					"@loader_path/Frameworks",
				);
				MARKETING_VERSION = 1.0;
				PRODUCT_BUNDLE_IDENTIFIER = "com.allam.Bank-TestTests";
				PRODUCT_NAME = "$(TARGET_NAME)";
				SWIFT_EMIT_LOC_STRINGS = NO;
				SWIFT_VERSION = 5.0;
				TARGETED_DEVICE_FAMILY = "1,2";
				TEST_HOST = "$(BUILT_PRODUCTS_DIR)/Bank-Test.app/Bank-Test";
			};
			name = Release;
		};
/* End XCBuildConfiguration section */

/* Begin XCConfigurationList section */
		F98E3EFA277F1FF3008D5B10 /* Build configuration list for PBXProject "Bank-Test" */ = {
			isa = XCConfigurationList;
			buildConfigurations = (
				F98E3F27277F1FF6008D5B10 /* Debug */,
				F98E3F28277F1FF6008D5B10 /* Release */,
			);
			defaultConfigurationIsVisible = 0;
			defaultConfigurationName = Release;
		};
		F98E3F29277F1FF6008D5B10 /* Build configuration list for PBXNativeTarget "Bank-Test" */ = {
			isa = XCConfigurationList;
			buildConfigurations = (
				F98E3F2A277F1FF6008D5B10 /* Debug */,
				F98E3F2B277F1FF6008D5B10 /* Release */,
			);
			defaultConfigurationIsVisible = 0;
			defaultConfigurationName = Release;
		};
		F98E3F2C277F1FF6008D5B10 /* Build configuration list for PBXNativeTarget "Bank-TestTests" */ = {
			isa = XCConfigurationList;
			buildConfigurations = (
				F98E3F2D277F1FF6008D5B10 /* Debug */,
				F98E3F2E277F1FF6008D5B10 /* Release */,
			);
			defaultConfigurationIsVisible = 0;
			defaultConfigurationName = Release;
		};
/* End XCConfigurationList section */
	};
	rootObject = F98E3EF7277F1FF3008D5B10 /* Project object */;
}
